
Microsoft Visual Studio Solution File, Format Version 12.00
# Visual Studio Version 16
VisualStudioVersion = 16.0.31424.327
MinimumVisualStudioVersion = 10.0.40219.1
Project("{FAE04EC0-301F-11D3-BF4B-00C04F79EFBC}") = "task_3", "task_3\task_3.csproj", "{20DA861F-8BA0-4CF4-83BE-22DC2028D060}"
EndProject
Global
	GlobalSection(SolutionConfigurationPlatforms) = preSolution
		Debug|Any CPU = Debug|Any CPU
		Release|Any CPU = Release|Any CPU
	EndGlobalSection
	GlobalSection(ProjectConfigurationPlatforms) = postSolution
		{20DA861F-8BA0-4CF4-83BE-22DC2028D060}.Debug|Any CPU.ActiveCfg = Debug|Any CPU
		{20DA861F-8BA0-4CF4-83BE-22DC2028D060}.Debug|Any CPU.Build.0 = Debug|Any CPU
		{20DA861F-8BA0-4CF4-83BE-22DC2028D060}.Release|Any CPU.ActiveCfg = Release|Any CPU
		{20DA861F-8BA0-4CF4-83BE-22DC2028D060}.Release|Any CPU.Build.0 = Release|Any CPU
	EndGlobalSection
	GlobalSection(SolutionProperties) = preSolution
		HideSolutionNode = FALSE
	EndGlobalSection
	GlobalSection(ExtensibilityGlobals) = postSolution
		SolutionGuid = {3FFBD3D1-C829-4390-8B54-29FB51F2ABAB}
	EndGlobalSection
EndGlobal
