
Microsoft Visual Studio Solution File, Format Version 12.00
# Visual Studio Version 16
VisualStudioVersion = 16.0.31424.327
MinimumVisualStudioVersion = 10.0.40219.1
Project("{FAE04EC0-301F-11D3-BF4B-00C04F79EFBC}") = "task_17", "task_17\task_17.csproj", "{A280B1E0-0E10-493B-9E58-BFF3FCF65726}"
EndProject
Global
	GlobalSection(SolutionConfigurationPlatforms) = preSolution
		Debug|Any CPU = Debug|Any CPU
		Release|Any CPU = Release|Any CPU
	EndGlobalSection
	GlobalSection(ProjectConfigurationPlatforms) = postSolution
		{A280B1E0-0E10-493B-9E58-BFF3FCF65726}.Debug|Any CPU.ActiveCfg = Debug|Any CPU
		{A280B1E0-0E10-493B-9E58-BFF3FCF65726}.Debug|Any CPU.Build.0 = Debug|Any CPU
		{A280B1E0-0E10-493B-9E58-BFF3FCF65726}.Release|Any CPU.ActiveCfg = Release|Any CPU
		{A280B1E0-0E10-493B-9E58-BFF3FCF65726}.Release|Any CPU.Build.0 = Release|Any CPU
	EndGlobalSection
	GlobalSection(SolutionProperties) = preSolution
		HideSolutionNode = FALSE
	EndGlobalSection
	GlobalSection(ExtensibilityGlobals) = postSolution
		SolutionGuid = {89957E78-AD88-4E61-A988-E90E2986083B}
	EndGlobalSection
EndGlobal
